{
  "name": "split-ledger",
  "version": "0.1.0",
  "lockfileVersion": 3,
  "requires": true,
  "packages": {
    "": {
      "name": "split-ledger",
      "version": "0.1.0",
      "workspaces": [
        "backend",
        "frontend"
      ]
    },
    "backend": {
      "name": "split-ledger-backend",
      "version": "0.1.0",
      "link": true
    },
    "frontend": {
      "name": "split-ledger-frontend",
      "version": "0.1.0",
      "link": true
    }
  }
}
